github.com/hoisie/web v0.1.1-0.20160809141353-a498c022b2c0 h1:yyU5jiZslL1flQrRr7Jrz97Pk2CqyL/5YmQBFB1QQ3Q=
github.com/hoisie/web v0.1.1-0.20160809141353-a498c022b2c0/go.mod h1:9rKIjxNOF05p21HiYMbaQy+ijn3nHaWi2mV3l/KnoIE=
github.com/thijzert/go-resemble v1.0.1/go.mod h1:7otFDkE48z5LUVC5azjODv56O2ErjAfMUb/hLoFWmkE=
golang.org/x/crypto v0.0.0-20190103213133-ff983b9c42bc h1:F5tKCVGp+MUAHhKp5MZtGqAlGX3+oCsiL1Q629FL90M=
golang.org/x/crypto v0.0.0-20190103213133-ff983b9c42bc/go.mod h1:6SG95UA2DQfeDnfUPMdvaQW0Q7yPrPDi9nlGo2tz2b4=
golang.org/x/net v0.0.0-20190110200230-915654e7eabc h1:Yx9JGxI1SBhVLFjpAkWMaO1TF+xyqtHLjZpvQboJGiM=
golang.org/x/net v0.0.0-20190110200230-915654e7eabc/go.mod h1:mL1N/T3taQHkDXs73rZJwtUhF3w3ftmwwsq0BUmARs4=
golang.org/x/sys v0.0.0-20190109145017-48ac38b7c8cb h1:1w588/yEchbPNpa9sEvOcMZYbWHedwJjg4VOAdDHWHk=
golang.org/x/sys v0.0.0-20190109145017-48ac38b7c8cb/go.mod h1:STP8DvDyc/dI5b8T5hshtkjS+E42TnysNCUPdjciGhY=
